
Microsoft Visual Studio Solution File, Format Version 12.00
# Visual Studio 15
VisualStudioVersion = 15.0.27703.2042
MinimumVisualStudioVersion = 10.0.40219.1
Project("{FAE04EC0-301F-11D3-BF4B-00C04F79EFBC}") = "AustinJRukesHVP1Task", "AustinJRukesHVP1Task\AustinJRukesHVP1Task.csproj", "{DFE52B88-9D83-4412-BDFF-8C2198579850}"
EndProject
Global
	GlobalSection(SolutionConfigurationPlatforms) = preSolution
		Debug|Any CPU = Debug|Any CPU
		Release|Any CPU = Release|Any CPU
	EndGlobalSection
	GlobalSection(ProjectConfigurationPlatforms) = postSolution
		{DFE52B88-9D83-4412-BDFF-8C2198579850}.Debug|Any CPU.ActiveCfg = Debug|Any CPU
		{DFE52B88-9D83-4412-BDFF-8C2198579850}.Debug|Any CPU.Build.0 = Debug|Any CPU
		{DFE52B88-9D83-4412-BDFF-8C2198579850}.Release|Any CPU.ActiveCfg = Release|Any CPU
		{DFE52B88-9D83-4412-BDFF-8C2198579850}.Release|Any CPU.Build.0 = Release|Any CPU
	EndGlobalSection
	GlobalSection(SolutionProperties) = preSolution
		HideSolutionNode = FALSE
	EndGlobalSection
	GlobalSection(ExtensibilityGlobals) = postSolution
		SolutionGuid = {B1B77833-EFE2-4B2F-A336-2E8C56BCA141}
	EndGlobalSection
EndGlobal
